// !$*UTF8*$!
{
	archiveVersion = 1;
	classes = {
	};
	objectVersion = 56;
	objects = {

/* Begin PBXBuildFile section */
		811994AA2B3DBCA400CF80F3 /* FavoritesViewModel.swift in Sources */ = {isa = PBXBuildFile; fileRef = 811994A92B3DBCA400CF80F3 /* FavoritesViewModel.swift */; };
		811994AC2B3DBCAE00CF80F3 /* FavoritesViewModel+UI.swift in Sources */ = {isa = PBXBuildFile; fileRef = 811994AB2B3DBCAE00CF80F3 /* FavoritesViewModel+UI.swift */; };
		811994B22B3DBCED00CF80F3 /* FavoritesViewController+State.swift in Sources */ = {isa = PBXBuildFile; fileRef = 811994B12B3DBCED00CF80F3 /* FavoritesViewController+State.swift */; };
		811994B42B3EFF8F00CF80F3 /* GameItemCell.swift in Sources */ = {isa = PBXBuildFile; fileRef = 811994B32B3EFF8F00CF80F3 /* GameItemCell.swift */; };
		8119A9A82B31773F008B2412 /* AppDelegate.swift in Sources */ = {isa = PBXBuildFile; fileRef = 8119A9A72B31773F008B2412 /* AppDelegate.swift */; };
		8119A9AA2B31773F008B2412 /* SceneDelegate.swift in Sources */ = {isa = PBXBuildFile; fileRef = 8119A9A92B31773F008B2412 /* SceneDelegate.swift */; };
		8119A9AC2B31773F008B2412 /* GamesViewController.swift in Sources */ = {isa = PBXBuildFile; fileRef = 8119A9AB2B31773F008B2412 /* GamesViewController.swift */; };
		8119A9B12B31773F008B2412 /* Assets.xcassets in Resources */ = {isa = PBXBuildFile; fileRef = 8119A9B02B31773F008B2412 /* Assets.xcassets */; };
		8119A9B42B31773F008B2412 /* LaunchScreen.storyboard in Resources */ = {isa = PBXBuildFile; fileRef = 8119A9B22B31773F008B2412 /* LaunchScreen.storyboard */; };
		811DACB12B3C3FE3001F71C6 /* GameDetailsViewModel+Service.swift in Sources */ = {isa = PBXBuildFile; fileRef = 811DACB02B3C3FE3001F71C6 /* GameDetailsViewModel+Service.swift */; };
		811DACB32B3C4369001F71C6 /* GameDetails.swift in Sources */ = {isa = PBXBuildFile; fileRef = 811DACB22B3C4369001F71C6 /* GameDetails.swift */; };
		8122444D2B3481AF005DB969 /* SpacingComponent.swift in Sources */ = {isa = PBXBuildFile; fileRef = 8122444C2B3481AF005DB969 /* SpacingComponent.swift */; };
		812244502B3482A9005DB969 /* IdentifiableComponent.swift in Sources */ = {isa = PBXBuildFile; fileRef = 8122444F2B3482A9005DB969 /* IdentifiableComponent.swift */; };
		812244562B35731F005DB969 /* ActivityIndicatorView.swift in Sources */ = {isa = PBXBuildFile; fileRef = 812244552B35731F005DB969 /* ActivityIndicatorView.swift */; };
		812244582B3577C8005DB969 /* GamesViewModel+Service.swift in Sources */ = {isa = PBXBuildFile; fileRef = 812244572B3577C8005DB969 /* GamesViewModel+Service.swift */; };
		8122445D2B358248005DB969 /* NetworkManager.swift in Sources */ = {isa = PBXBuildFile; fileRef = 8122445C2B358248005DB969 /* NetworkManager.swift */; };
		8122445F2B358493005DB969 /* Router.swift in Sources */ = {isa = PBXBuildFile; fileRef = 8122445E2B358493005DB969 /* Router.swift */; };
		812244622B3589B4005DB969 /* GameResponse.swift in Sources */ = {isa = PBXBuildFile; fileRef = 812244612B3589B4005DB969 /* GameResponse.swift */; };
		8155C5562B3BF8C400B1A2F6 /* DetailsView.swift in Sources */ = {isa = PBXBuildFile; fileRef = 8155C5552B3BF8C400B1A2F6 /* DetailsView.swift */; };
		8155C55C2B3C02F400B1A2F6 /* Roboto-Medium.ttf in Resources */ = {isa = PBXBuildFile; fileRef = 8155C5592B3C02F400B1A2F6 /* Roboto-Medium.ttf */; };
		8155C55D2B3C02F400B1A2F6 /* Roboto-Regular.ttf in Resources */ = {isa = PBXBuildFile; fileRef = 8155C55A2B3C02F400B1A2F6 /* Roboto-Regular.ttf */; };
		8155C55E2B3C02F400B1A2F6 /* Roboto-Bold.ttf in Resources */ = {isa = PBXBuildFile; fileRef = 8155C55B2B3C02F400B1A2F6 /* Roboto-Bold.ttf */; };
		815AB5A52B388BE0007726DE /* GameItemTableViewCell.swift in Sources */ = {isa = PBXBuildFile; fileRef = 815AB5A42B388BE0007726DE /* GameItemTableViewCell.swift */; };
		816C233C2B4D1577005B9144 /* PagenationTableViewAdaptor.swift in Sources */ = {isa = PBXBuildFile; fileRef = 816C233B2B4D1577005B9144 /* PagenationTableViewAdaptor.swift */; };
		816DE8202B46FCF4005D3CF0 /* CustomTableViewAdaptor.swift in Sources */ = {isa = PBXBuildFile; fileRef = 816DE81F2B46FCF4005D3CF0 /* CustomTableViewAdaptor.swift */; };
		816DE8242B483B89005D3CF0 /* UIViewController+Extensions.swift in Sources */ = {isa = PBXBuildFile; fileRef = 816DE8232B483B89005D3CF0 /* UIViewController+Extensions.swift */; };
		816DE8262B484119005D3CF0 /* Extensions.swift in Sources */ = {isa = PBXBuildFile; fileRef = 816DE8252B484119005D3CF0 /* Extensions.swift */; };
		8177FBC42B3DAC1D00C97CDD /* TabBarController.swift in Sources */ = {isa = PBXBuildFile; fileRef = 8177FBC32B3DAC1D00C97CDD /* TabBarController.swift */; };
		8177FBC72B3DAD0700C97CDD /* FavoritesViewController.swift in Sources */ = {isa = PBXBuildFile; fileRef = 8177FBC62B3DAD0700C97CDD /* FavoritesViewController.swift */; };
		81E280452B33191A00C22BA5 /* GamesViewModel.swift in Sources */ = {isa = PBXBuildFile; fileRef = 81E280442B33191A00C22BA5 /* GamesViewModel.swift */; };
		81E280472B343AE800C22BA5 /* GamesViewModel+UI.swift in Sources */ = {isa = PBXBuildFile; fileRef = 81E280462B343AE800C22BA5 /* GamesViewModel+UI.swift */; };
		81E280492B3449E400C22BA5 /* GamesViewController+State.swift in Sources */ = {isa = PBXBuildFile; fileRef = 81E280482B3449E400C22BA5 /* GamesViewController+State.swift */; };
		81E2804C2B345C8100C22BA5 /* Typealias.swift in Sources */ = {isa = PBXBuildFile; fileRef = 81E2804B2B345C8100C22BA5 /* Typealias.swift */; };
		81E2804E2B346D1100C22BA5 /* UIView+Extensions.swift in Sources */ = {isa = PBXBuildFile; fileRef = 81E2804D2B346D1100C22BA5 /* UIView+Extensions.swift */; };
		81F25C392B3AC9BF004EDFD3 /* EmptyStateView.swift in Sources */ = {isa = PBXBuildFile; fileRef = 81F25C382B3AC9BF004EDFD3 /* EmptyStateView.swift */; };
		81F25C3C2B3B012C004EDFD3 /* GameDetailsViewController.swift in Sources */ = {isa = PBXBuildFile; fileRef = 81F25C3B2B3B012C004EDFD3 /* GameDetailsViewController.swift */; };
		81F25C3E2B3B014C004EDFD3 /* GameDetailsViewModel.swift in Sources */ = {isa = PBXBuildFile; fileRef = 81F25C3D2B3B014C004EDFD3 /* GameDetailsViewModel.swift */; };
		81F25C402B3B0201004EDFD3 /* GameDetailsViewModel+UI.swift in Sources */ = {isa = PBXBuildFile; fileRef = 81F25C3F2B3B0201004EDFD3 /* GameDetailsViewModel+UI.swift */; };
		81F25C422B3B028B004EDFD3 /* GameDetailsViewController+State.swift in Sources */ = {isa = PBXBuildFile; fileRef = 81F25C412B3B028B004EDFD3 /* GameDetailsViewController+State.swift */; };
		81FCE6732B3C616900E526CA /* CustomButtonView.swift in Sources */ = {isa = PBXBuildFile; fileRef = 81FCE6722B3C616900E526CA /* CustomButtonView.swift */; };
		81FCE6762B3D6FD300E526CA /* FavoriteGames.xcdatamodeld in Sources */ = {isa = PBXBuildFile; fileRef = 81FCE6742B3D6FD300E526CA /* FavoriteGames.xcdatamodeld */; };
		81FCE6792B3D715400E526CA /* CoreDataManager.swift in Sources */ = {isa = PBXBuildFile; fileRef = 81FCE6782B3D715400E526CA /* CoreDataManager.swift */; };
		81FCE67C2B3D890300E526CA /* FavoriteGame.swift in Sources */ = {isa = PBXBuildFile; fileRef = 81FCE67B2B3D890300E526CA /* FavoriteGame.swift */; };
		F5FF96F94AB8D6DC1C12C931 /* Pods_Games.framework in Frameworks */ = {isa = PBXBuildFile; fileRef = 6D992781969221AE528E04E4 /* Pods_Games.framework */; };
/* End PBXBuildFile section */

/* Begin PBXFileReference section */
		4298100476993B2D24349018 /* Pods-Games.release.xcconfig */ = {isa = PBXFileReference; includeInIndex = 1; lastKnownFileType = text.xcconfig; name = "Pods-Games.release.xcconfig"; path = "Target Support Files/Pods-Games/Pods-Games.release.xcconfig"; sourceTree = "<group>"; };
		6D992781969221AE528E04E4 /* Pods_Games.framework */ = {isa = PBXFileReference; explicitFileType = wrapper.framework; includeInIndex = 0; path = Pods_Games.framework; sourceTree = BUILT_PRODUCTS_DIR; };
		7C559CF34AF18855D92FAD0B /* Pods-Games.debug.xcconfig */ = {isa = PBXFileReference; includeInIndex = 1; lastKnownFileType = text.xcconfig; name = "Pods-Games.debug.xcconfig"; path = "Target Support Files/Pods-Games/Pods-Games.debug.xcconfig"; sourceTree = "<group>"; };
		811994A92B3DBCA400CF80F3 /* FavoritesViewModel.swift */ = {isa = PBXFileReference; lastKnownFileType = sourcecode.swift; path = FavoritesViewModel.swift; sourceTree = "<group>"; };
		811994AB2B3DBCAE00CF80F3 /* FavoritesViewModel+UI.swift */ = {isa = PBXFileReference; lastKnownFileType = sourcecode.swift; path = "FavoritesViewModel+UI.swift"; sourceTree = "<group>"; };
		811994B12B3DBCED00CF80F3 /* FavoritesViewController+State.swift */ = {isa = PBXFileReference; lastKnownFileType = sourcecode.swift; path = "FavoritesViewController+State.swift"; sourceTree = "<group>"; };
		811994B32B3EFF8F00CF80F3 /* GameItemCell.swift */ = {isa = PBXFileReference; lastKnownFileType = sourcecode.swift; path = GameItemCell.swift; sourceTree = "<group>"; };
		8119A9A42B31773F008B2412 /* Games.app */ = {isa = PBXFileReference; explicitFileType = wrapper.application; includeInIndex = 0; path = Games.app; sourceTree = BUILT_PRODUCTS_DIR; };
		8119A9A72B31773F008B2412 /* AppDelegate.swift */ = {isa = PBXFileReference; lastKnownFileType = sourcecode.swift; path = AppDelegate.swift; sourceTree = "<group>"; };
		8119A9A92B31773F008B2412 /* SceneDelegate.swift */ = {isa = PBXFileReference; lastKnownFileType = sourcecode.swift; path = SceneDelegate.swift; sourceTree = "<group>"; };
		8119A9AB2B31773F008B2412 /* GamesViewController.swift */ = {isa = PBXFileReference; lastKnownFileType = sourcecode.swift; path = GamesViewController.swift; sourceTree = "<group>"; };
		8119A9B02B31773F008B2412 /* Assets.xcassets */ = {isa = PBXFileReference; lastKnownFileType = folder.assetcatalog; path = Assets.xcassets; sourceTree = "<group>"; };
		8119A9B32B31773F008B2412 /* Base */ = {isa = PBXFileReference; lastKnownFileType = file.storyboard; name = Base; path = Base.lproj/LaunchScreen.storyboard; sourceTree = "<group>"; };
		8119A9B52B31773F008B2412 /* Info.plist */ = {isa = PBXFileReference; lastKnownFileType = text.plist.xml; path = Info.plist; sourceTree = "<group>"; };
		811DACB02B3C3FE3001F71C6 /* GameDetailsViewModel+Service.swift */ = {isa = PBXFileReference; lastKnownFileType = sourcecode.swift; path = "GameDetailsViewModel+Service.swift"; sourceTree = "<group>"; };
		811DACB22B3C4369001F71C6 /* GameDetails.swift */ = {isa = PBXFileReference; lastKnownFileType = sourcecode.swift; path = GameDetails.swift; sourceTree = "<group>"; };
		8122444C2B3481AF005DB969 /* SpacingComponent.swift */ = {isa = PBXFileReference; lastKnownFileType = sourcecode.swift; path = SpacingComponent.swift; sourceTree = "<group>"; };
		8122444F2B3482A9005DB969 /* IdentifiableComponent.swift */ = {isa = PBXFileReference; lastKnownFileType = sourcecode.swift; path = IdentifiableComponent.swift; sourceTree = "<group>"; };
		812244552B35731F005DB969 /* ActivityIndicatorView.swift */ = {isa = PBXFileReference; lastKnownFileType = sourcecode.swift; path = ActivityIndicatorView.swift; sourceTree = "<group>"; };
		812244572B3577C8005DB969 /* GamesViewModel+Service.swift */ = {isa = PBXFileReference; lastKnownFileType = sourcecode.swift; path = "GamesViewModel+Service.swift"; sourceTree = "<group>"; };
		8122445C2B358248005DB969 /* NetworkManager.swift */ = {isa = PBXFileReference; lastKnownFileType = sourcecode.swift; path = NetworkManager.swift; sourceTree = "<group>"; };
		8122445E2B358493005DB969 /* Router.swift */ = {isa = PBXFileReference; lastKnownFileType = sourcecode.swift; path = Router.swift; sourceTree = "<group>"; };
		812244612B3589B4005DB969 /* GameResponse.swift */ = {isa = PBXFileReference; lastKnownFileType = sourcecode.swift; path = GameResponse.swift; sourceTree = "<group>"; };
		8155C5552B3BF8C400B1A2F6 /* DetailsView.swift */ = {isa = PBXFileReference; lastKnownFileType = sourcecode.swift; path = DetailsView.swift; sourceTree = "<group>"; };
		8155C5592B3C02F400B1A2F6 /* Roboto-Medium.ttf */ = {isa = PBXFileReference; lastKnownFileType = file; path = "Roboto-Medium.ttf"; sourceTree = "<group>"; };
		8155C55A2B3C02F400B1A2F6 /* Roboto-Regular.ttf */ = {isa = PBXFileReference; lastKnownFileType = file; path = "Roboto-Regular.ttf"; sourceTree = "<group>"; };
		8155C55B2B3C02F400B1A2F6 /* Roboto-Bold.ttf */ = {isa = PBXFileReference; lastKnownFileType = file; path = "Roboto-Bold.ttf"; sourceTree = "<group>"; };
		815AB5A42B388BE0007726DE /* GameItemTableViewCell.swift */ = {isa = PBXFileReference; lastKnownFileType = sourcecode.swift; name = GameItemTableViewCell.swift; path = "Games/ UIComponents/GameItemTableViewCell.swift"; sourceTree = SOURCE_ROOT; };
		816C233B2B4D1577005B9144 /* PagenationTableViewAdaptor.swift */ = {isa = PBXFileReference; lastKnownFileType = sourcecode.swift; path = PagenationTableViewAdaptor.swift; sourceTree = "<group>"; };
		816DE81F2B46FCF4005D3CF0 /* CustomTableViewAdaptor.swift */ = {isa = PBXFileReference; lastKnownFileType = sourcecode.swift; path = CustomTableViewAdaptor.swift; sourceTree = "<group>"; };
		816DE8232B483B89005D3CF0 /* UIViewController+Extensions.swift */ = {isa = PBXFileReference; lastKnownFileType = sourcecode.swift; path = "UIViewController+Extensions.swift"; sourceTree = "<group>"; };
		816DE8252B484119005D3CF0 /* Extensions.swift */ = {isa = PBXFileReference; lastKnownFileType = sourcecode.swift; path = Extensions.swift; sourceTree = "<group>"; };
		8177FBC32B3DAC1D00C97CDD /* TabBarController.swift */ = {isa = PBXFileReference; lastKnownFileType = sourcecode.swift; path = TabBarController.swift; sourceTree = "<group>"; };
		8177FBC62B3DAD0700C97CDD /* FavoritesViewController.swift */ = {isa = PBXFileReference; lastKnownFileType = sourcecode.swift; path = FavoritesViewController.swift; sourceTree = "<group>"; };
		81E280442B33191A00C22BA5 /* GamesViewModel.swift */ = {isa = PBXFileReference; lastKnownFileType = sourcecode.swift; path = GamesViewModel.swift; sourceTree = "<group>"; };
		81E280462B343AE800C22BA5 /* GamesViewModel+UI.swift */ = {isa = PBXFileReference; lastKnownFileType = sourcecode.swift; path = "GamesViewModel+UI.swift"; sourceTree = "<group>"; };
		81E280482B3449E400C22BA5 /* GamesViewController+State.swift */ = {isa = PBXFileReference; lastKnownFileType = sourcecode.swift; path = "GamesViewController+State.swift"; sourceTree = "<group>"; };
		81E2804B2B345C8100C22BA5 /* Typealias.swift */ = {isa = PBXFileReference; lastKnownFileType = sourcecode.swift; path = Typealias.swift; sourceTree = "<group>"; };
		81E2804D2B346D1100C22BA5 /* UIView+Extensions.swift */ = {isa = PBXFileReference; lastKnownFileType = sourcecode.swift; path = "UIView+Extensions.swift"; sourceTree = "<group>"; };
		81F25C382B3AC9BF004EDFD3 /* EmptyStateView.swift */ = {isa = PBXFileReference; lastKnownFileType = sourcecode.swift; path = EmptyStateView.swift; sourceTree = "<group>"; };
		81F25C3B2B3B012C004EDFD3 /* GameDetailsViewController.swift */ = {isa = PBXFileReference; lastKnownFileType = sourcecode.swift; path = GameDetailsViewController.swift; sourceTree = "<group>"; };
		81F25C3D2B3B014C004EDFD3 /* GameDetailsViewModel.swift */ = {isa = PBXFileReference; lastKnownFileType = sourcecode.swift; path = GameDetailsViewModel.swift; sourceTree = "<group>"; };
		81F25C3F2B3B0201004EDFD3 /* GameDetailsViewModel+UI.swift */ = {isa = PBXFileReference; lastKnownFileType = sourcecode.swift; path = "GameDetailsViewModel+UI.swift"; sourceTree = "<group>"; };
		81F25C412B3B028B004EDFD3 /* GameDetailsViewController+State.swift */ = {isa = PBXFileReference; lastKnownFileType = sourcecode.swift; path = "GameDetailsViewController+State.swift"; sourceTree = "<group>"; };
		81FCE6722B3C616900E526CA /* CustomButtonView.swift */ = {isa = PBXFileReference; lastKnownFileType = sourcecode.swift; path = CustomButtonView.swift; sourceTree = "<group>"; };
		81FCE6752B3D6FD300E526CA /* FavoriteGames.xcdatamodel */ = {isa = PBXFileReference; lastKnownFileType = wrapper.xcdatamodel; path = FavoriteGames.xcdatamodel; sourceTree = "<group>"; };
		81FCE6782B3D715400E526CA /* CoreDataManager.swift */ = {isa = PBXFileReference; lastKnownFileType = sourcecode.swift; path = CoreDataManager.swift; sourceTree = "<group>"; };
		81FCE67B2B3D890300E526CA /* FavoriteGame.swift */ = {isa = PBXFileReference; lastKnownFileType = sourcecode.swift; path = FavoriteGame.swift; sourceTree = "<group>"; };
/* End PBXFileReference section */

/* Begin PBXFrameworksBuildPhase section */
		8119A9A12B31773F008B2412 /* Frameworks */ = {
			isa = PBXFrameworksBuildPhase;
			buildActionMask = 2147483647;
			files = (
				F5FF96F94AB8D6DC1C12C931 /* Pods_Games.framework in Frameworks */,
			);
			runOnlyForDeploymentPostprocessing = 0;
		};
/* End PBXFrameworksBuildPhase section */

/* Begin PBXGroup section */
		2F79D35904400C658DB15810 /* Pods */ = {
			isa = PBXGroup;
			children = (
				7C559CF34AF18855D92FAD0B /* Pods-Games.debug.xcconfig */,
				4298100476993B2D24349018 /* Pods-Games.release.xcconfig */,
			);
			path = Pods;
			sourceTree = "<group>";
		};
		577213A94D207A4ED935A48A /* Frameworks */ = {
			isa = PBXGroup;
			children = (
				6D992781969221AE528E04E4 /* Pods_Games.framework */,
			);
			name = Frameworks;
			sourceTree = "<group>";
		};
		8119A99B2B31773F008B2412 = {
			isa = PBXGroup;
			children = (
				8119A9A62B31773F008B2412 /* Games */,
				8119A9A52B31773F008B2412 /* Products */,
				2F79D35904400C658DB15810 /* Pods */,
				577213A94D207A4ED935A48A /* Frameworks */,
			);
			sourceTree = "<group>";
		};
		8119A9A52B31773F008B2412 /* Products */ = {
			isa = PBXGroup;
			children = (
				8119A9A42B31773F008B2412 /* Games.app */,
			);
			name = Products;
			sourceTree = "<group>";
		};
		8119A9A62B31773F008B2412 /* Games */ = {
			isa = PBXGroup;
			children = (
				8119A9A72B31773F008B2412 /* AppDelegate.swift */,
				8119A9A92B31773F008B2412 /* SceneDelegate.swift */,
				81E280412B3318B900C22BA5 /*  UIComponents */,
				812244592B35821A005DB969 /* Network */,
				81E280422B3318F800C22BA5 /* Scenes */,
				81E2804A2B345C6600C22BA5 /* Extensions */,
				8155C5572B3C02AA00B1A2F6 /* Resources */,
			);
			path = Games;
			sourceTree = "<group>";
		};
		811DACB42B3C4453001F71C6 /* GameDetails */ = {
			isa = PBXGroup;
			children = (
				811DACB22B3C4369001F71C6 /* GameDetails.swift */,
			);
			path = GameDetails;
			sourceTree = "<group>";
		};
		8122444E2B34828A005DB969 /* CarbonComponents */ = {
			isa = PBXGroup;
			children = (
				816DE81F2B46FCF4005D3CF0 /* CustomTableViewAdaptor.swift */,
				816C233B2B4D1577005B9144 /* PagenationTableViewAdaptor.swift */,
				8122444C2B3481AF005DB969 /* SpacingComponent.swift */,
				8122444F2B3482A9005DB969 /* IdentifiableComponent.swift */,
			);
			path = CarbonComponents;
			sourceTree = "<group>";
		};
		812244512B3485B4005DB969 /* GameItemView */ = {
			isa = PBXGroup;
			children = (
				811994B32B3EFF8F00CF80F3 /* GameItemCell.swift */,
			);
			path = GameItemView;
			sourceTree = "<group>";
		};
		812244542B3572E6005DB969 /* ActivityIndicatorView */ = {
			isa = PBXGroup;
			children = (
				812244552B35731F005DB969 /* ActivityIndicatorView.swift */,
				815AB5A42B388BE0007726DE /* GameItemTableViewCell.swift */,
			);
			path = ActivityIndicatorView;
			sourceTree = "<group>";
		};
		812244592B35821A005DB969 /* Network */ = {
			isa = PBXGroup;
			children = (
				81FCE6772B3D6FDC00E526CA /* Core Data */,
				8122445B2B358230005DB969 /* Helpers */,
				8122445A2B35822C005DB969 /* Model */,
			);
			path = Network;
			sourceTree = "<group>";
		};
		8122445A2B35822C005DB969 /* Model */ = {
			isa = PBXGroup;
			children = (
				81FCE67A2B3D88F300E526CA /* Favorite */,
				812244602B3589A0005DB969 /* Game */,
				811DACB42B3C4453001F71C6 /* GameDetails */,
			);
			path = Model;
			sourceTree = "<group>";
		};
		8122445B2B358230005DB969 /* Helpers */ = {
			isa = PBXGroup;
			children = (
				8122445C2B358248005DB969 /* NetworkManager.swift */,
				8122445E2B358493005DB969 /* Router.swift */,
			);
			path = Helpers;
			sourceTree = "<group>";
		};
		812244602B3589A0005DB969 /* Game */ = {
			isa = PBXGroup;
			children = (
				812244612B3589B4005DB969 /* GameResponse.swift */,
			);
			path = Game;
			sourceTree = "<group>";
		};
		8155C5542B3BF8A100B1A2F6 /* DetailsView */ = {
			isa = PBXGroup;
			children = (
				8155C5552B3BF8C400B1A2F6 /* DetailsView.swift */,
			);
			path = DetailsView;
			sourceTree = "<group>";
		};
		8155C5572B3C02AA00B1A2F6 /* Resources */ = {
			isa = PBXGroup;
			children = (
				8155C5582B3C02D800B1A2F6 /* Font */,
				8119A9B02B31773F008B2412 /* Assets.xcassets */,
				8119A9B22B31773F008B2412 /* LaunchScreen.storyboard */,
				8119A9B52B31773F008B2412 /* Info.plist */,
			);
			path = Resources;
			sourceTree = "<group>";
		};
		8155C5582B3C02D800B1A2F6 /* Font */ = {
			isa = PBXGroup;
			children = (
				8155C55B2B3C02F400B1A2F6 /* Roboto-Bold.ttf */,
				8155C5592B3C02F400B1A2F6 /* Roboto-Medium.ttf */,
				8155C55A2B3C02F400B1A2F6 /* Roboto-Regular.ttf */,
			);
			path = Font;
			sourceTree = "<group>";
		};
		8177FBC22B3DAC0000C97CDD /* TabBar */ = {
			isa = PBXGroup;
			children = (
				8177FBC32B3DAC1D00C97CDD /* TabBarController.swift */,
			);
			path = TabBar;
			sourceTree = "<group>";
		};
		8177FBC52B3DACD200C97CDD /* Favorites */ = {
			isa = PBXGroup;
			children = (
				8177FBC62B3DAD0700C97CDD /* FavoritesViewController.swift */,
				811994B12B3DBCED00CF80F3 /* FavoritesViewController+State.swift */,
				811994A92B3DBCA400CF80F3 /* FavoritesViewModel.swift */,
				811994AB2B3DBCAE00CF80F3 /* FavoritesViewModel+UI.swift */,
			);
			path = Favorites;
			sourceTree = "<group>";
		};
		81E280412B3318B900C22BA5 /*  UIComponents */ = {
			isa = PBXGroup;
			children = (
				81FCE6712B3C614D00E526CA /* CustomButtonView */,
				8155C5542B3BF8A100B1A2F6 /* DetailsView */,
				81F25C372B3AC99B004EDFD3 /* EmptyStateView */,
				8122444E2B34828A005DB969 /* CarbonComponents */,
				812244542B3572E6005DB969 /* ActivityIndicatorView */,
				812244512B3485B4005DB969 /* GameItemView */,
			);
			path = " UIComponents";
			sourceTree = "<group>";
		};
		81E280422B3318F800C22BA5 /* Scenes */ = {
			isa = PBXGroup;
			children = (
				8177FBC22B3DAC0000C97CDD /* TabBar */,
				81E280432B33190900C22BA5 /* Games */,
				81F25C3A2B3B00ED004EDFD3 /* GameDetails */,
				8177FBC52B3DACD200C97CDD /* Favorites */,
			);
			path = Scenes;
			sourceTree = "<group>";
		};
		81E280432B33190900C22BA5 /* Games */ = {
			isa = PBXGroup;
			children = (
				8119A9AB2B31773F008B2412 /* GamesViewController.swift */,
				81E280482B3449E400C22BA5 /* GamesViewController+State.swift */,
				81E280442B33191A00C22BA5 /* GamesViewModel.swift */,
				812244572B3577C8005DB969 /* GamesViewModel+Service.swift */,
				81E280462B343AE800C22BA5 /* GamesViewModel+UI.swift */,
			);
			path = Games;
			sourceTree = "<group>";
		};
		81E2804A2B345C6600C22BA5 /* Extensions */ = {
			isa = PBXGroup;
			children = (
				81E2804B2B345C8100C22BA5 /* Typealias.swift */,
				81E2804D2B346D1100C22BA5 /* UIView+Extensions.swift */,
				816DE8232B483B89005D3CF0 /* UIViewController+Extensions.swift */,
				816DE8252B484119005D3CF0 /* Extensions.swift */,
			);
			path = Extensions;
			sourceTree = "<group>";
		};
		81F25C372B3AC99B004EDFD3 /* EmptyStateView */ = {
			isa = PBXGroup;
			children = (
				81F25C382B3AC9BF004EDFD3 /* EmptyStateView.swift */,
			);
			path = EmptyStateView;
			sourceTree = "<group>";
		};
		81F25C3A2B3B00ED004EDFD3 /* GameDetails */ = {
			isa = PBXGroup;
			children = (
				81F25C3B2B3B012C004EDFD3 /* GameDetailsViewController.swift */,
				81F25C412B3B028B004EDFD3 /* GameDetailsViewController+State.swift */,
				81F25C3D2B3B014C004EDFD3 /* GameDetailsViewModel.swift */,
				811DACB02B3C3FE3001F71C6 /* GameDetailsViewModel+Service.swift */,
				81F25C3F2B3B0201004EDFD3 /* GameDetailsViewModel+UI.swift */,
			);
			path = GameDetails;
			sourceTree = "<group>";
		};
		81FCE6712B3C614D00E526CA /* CustomButtonView */ = {
			isa = PBXGroup;
			children = (
				81FCE6722B3C616900E526CA /* CustomButtonView.swift */,
			);
			path = CustomButtonView;
			sourceTree = "<group>";
		};
		81FCE6772B3D6FDC00E526CA /* Core Data */ = {
			isa = PBXGroup;
			children = (
				81FCE6742B3D6FD300E526CA /* FavoriteGames.xcdatamodeld */,
				81FCE6782B3D715400E526CA /* CoreDataManager.swift */,
			);
			path = "Core Data";
			sourceTree = "<group>";
		};
		81FCE67A2B3D88F300E526CA /* Favorite */ = {
			isa = PBXGroup;
			children = (
				81FCE67B2B3D890300E526CA /* FavoriteGame.swift */,
			);
			path = Favorite;
			sourceTree = "<group>";
		};
/* End PBXGroup section */

/* Begin PBXNativeTarget section */
		8119A9A32B31773F008B2412 /* Games */ = {
			isa = PBXNativeTarget;
			buildConfigurationList = 8119A9B82B31773F008B2412 /* Build configuration list for PBXNativeTarget "Games" */;
			buildPhases = (
				68093DAED024FCFE01EC7F8E /* [CP] Check Pods Manifest.lock */,
				8119A9A02B31773F008B2412 /* Sources */,
				8119A9A12B31773F008B2412 /* Frameworks */,
				8119A9A22B31773F008B2412 /* Resources */,
				E74B29F2F34AD233F5C26572 /* [CP] Embed Pods Frameworks */,
				816828892B4560FC00D3D608 /* Swiftlint */,
			);
			buildRules = (
			);
			dependencies = (
			);
			name = Games;
			productName = Games;
			productReference = 8119A9A42B31773F008B2412 /* Games.app */;
			productType = "com.apple.product-type.application";
		};
/* End PBXNativeTarget section */

/* Begin PBXProject section */
		8119A99C2B31773F008B2412 /* Project object */ = {
			isa = PBXProject;
			attributes = {
				BuildIndependentTargetsInParallel = 1;
				LastSwiftUpdateCheck = 1430;
				LastUpgradeCheck = 1430;
				TargetAttributes = {
					8119A9A32B31773F008B2412 = {
						CreatedOnToolsVersion = 14.3.1;
					};
				};
			};
			buildConfigurationList = 8119A99F2B31773F008B2412 /* Build configuration list for PBXProject "Games" */;
			compatibilityVersion = "Xcode 14.0";
			developmentRegion = en;
			hasScannedForEncodings = 0;
			knownRegions = (
				en,
				Base,
			);
			mainGroup = 8119A99B2B31773F008B2412;
			productRefGroup = 8119A9A52B31773F008B2412 /* Products */;
			projectDirPath = "";
			projectRoot = "";
			targets = (
				8119A9A32B31773F008B2412 /* Games */,
			);
		};
/* End PBXProject section */

/* Begin PBXResourcesBuildPhase section */
		8119A9A22B31773F008B2412 /* Resources */ = {
			isa = PBXResourcesBuildPhase;
			buildActionMask = 2147483647;
			files = (
				8119A9B42B31773F008B2412 /* LaunchScreen.storyboard in Resources */,
				8119A9B12B31773F008B2412 /* Assets.xcassets in Resources */,
				8155C55E2B3C02F400B1A2F6 /* Roboto-Bold.ttf in Resources */,
				8155C55D2B3C02F400B1A2F6 /* Roboto-Regular.ttf in Resources */,
				8155C55C2B3C02F400B1A2F6 /* Roboto-Medium.ttf in Resources */,
			);
			runOnlyForDeploymentPostprocessing = 0;
		};
/* End PBXResourcesBuildPhase section */

/* Begin PBXShellScriptBuildPhase section */
		68093DAED024FCFE01EC7F8E /* [CP] Check Pods Manifest.lock */ = {
			isa = PBXShellScriptBuildPhase;
			buildActionMask = 2147483647;
			files = (
			);
			inputFileListPaths = (
			);
			inputPaths = (
				"${PODS_PODFILE_DIR_PATH}/Podfile.lock",
				"${PODS_ROOT}/Manifest.lock",
			);
			name = "[CP] Check Pods Manifest.lock";
			outputFileListPaths = (
			);
			outputPaths = (
				"$(DERIVED_FILE_DIR)/Pods-Games-checkManifestLockResult.txt",
			);
			runOnlyForDeploymentPostprocessing = 0;
			shellPath = /bin/sh;
			shellScript = "diff \"${PODS_PODFILE_DIR_PATH}/Podfile.lock\" \"${PODS_ROOT}/Manifest.lock\" > /dev/null\nif [ $? != 0 ] ; then\n    # print error to STDERR\n    echo \"error: The sandbox is not in sync with the Podfile.lock. Run 'pod install' or update your CocoaPods installation.\" >&2\n    exit 1\nfi\n# This output is used by Xcode 'outputs' to avoid re-running this script phase.\necho \"SUCCESS\" > \"${SCRIPT_OUTPUT_FILE_0}\"\n";
			showEnvVarsInLog = 0;
		};
		816828892B4560FC00D3D608 /* Swiftlint */ = {
			isa = PBXShellScriptBuildPhase;
			buildActionMask = 2147483647;
			files = (
			);
			inputFileListPaths = (
			);
			inputPaths = (
			);
			name = Swiftlint;
			outputFileListPaths = (
			);
			outputPaths = (
			);
			runOnlyForDeploymentPostprocessing = 0;
			shellPath = /bin/sh;
			shellScript = "if [[ \"$(uname -m)\" == arm64 ]]; then\n    export PATH=\"/opt/homebrew/bin:$PATH\"\nfi\n\nif which swiftlint > /dev/null; then\n  swiftlint\nelse\n  echo \"warning: SwiftLint not installed, download from https://github.com/realm/SwiftLint\"\nfi\n";
		};
		E74B29F2F34AD233F5C26572 /* [CP] Embed Pods Frameworks */ = {
			isa = PBXShellScriptBuildPhase;
			buildActionMask = 2147483647;
			files = (
			);
			inputFileListPaths = (
				"${PODS_ROOT}/Target Support Files/Pods-Games/Pods-Games-frameworks-${CONFIGURATION}-input-files.xcfilelist",
			);
			name = "[CP] Embed Pods Frameworks";
			outputFileListPaths = (
				"${PODS_ROOT}/Target Support Files/Pods-Games/Pods-Games-frameworks-${CONFIGURATION}-output-files.xcfilelist",
			);
			runOnlyForDeploymentPostprocessing = 0;
			shellPath = /bin/sh;
			shellScript = "\"${PODS_ROOT}/Target Support Files/Pods-Games/Pods-Games-frameworks.sh\"\n";
			showEnvVarsInLog = 0;
		};
/* End PBXShellScriptBuildPhase section */

/* Begin PBXSourcesBuildPhase section */
		8119A9A02B31773F008B2412 /* Sources */ = {
			isa = PBXSourcesBuildPhase;
			buildActionMask = 2147483647;
			files = (
				811994AC2B3DBCAE00CF80F3 /* FavoritesViewModel+UI.swift in Sources */,
				812244582B3577C8005DB969 /* GamesViewModel+Service.swift in Sources */,
				816DE8202B46FCF4005D3CF0 /* CustomTableViewAdaptor.swift in Sources */,
				811994B22B3DBCED00CF80F3 /* FavoritesViewController+State.swift in Sources */,
				816DE8242B483B89005D3CF0 /* UIViewController+Extensions.swift in Sources */,
				81E280472B343AE800C22BA5 /* GamesViewModel+UI.swift in Sources */,
				81FCE6732B3C616900E526CA /* CustomButtonView.swift in Sources */,
				81F25C392B3AC9BF004EDFD3 /* EmptyStateView.swift in Sources */,
				8122444D2B3481AF005DB969 /* SpacingComponent.swift in Sources */,
				8155C5562B3BF8C400B1A2F6 /* DetailsView.swift in Sources */,
				812244502B3482A9005DB969 /* IdentifiableComponent.swift in Sources */,
				8119A9AC2B31773F008B2412 /* GamesViewController.swift in Sources */,
				81F25C402B3B0201004EDFD3 /* GameDetailsViewModel+UI.swift in Sources */,
				811994B42B3EFF8F00CF80F3 /* GameItemCell.swift in Sources */,
				816DE8262B484119005D3CF0 /* Extensions.swift in Sources */,
				815AB5A52B388BE0007726DE /* GameItemTableViewCell.swift in Sources */,
				811994AA2B3DBCA400CF80F3 /* FavoritesViewModel.swift in Sources */,
				8119A9A82B31773F008B2412 /* AppDelegate.swift in Sources */,
				811DACB32B3C4369001F71C6 /* GameDetails.swift in Sources */,
				81E2804E2B346D1100C22BA5 /* UIView+Extensions.swift in Sources */,
				8177FBC42B3DAC1D00C97CDD /* TabBarController.swift in Sources */,
				81FCE6762B3D6FD300E526CA /* FavoriteGames.xcdatamodeld in Sources */,
				8122445F2B358493005DB969 /* Router.swift in Sources */,
				81FCE67C2B3D890300E526CA /* FavoriteGame.swift in Sources */,
				812244622B3589B4005DB969 /* GameResponse.swift in Sources */,
				81E280452B33191A00C22BA5 /* GamesViewModel.swift in Sources */,
				811DACB12B3C3FE3001F71C6 /* GameDetailsViewModel+Service.swift in Sources */,
				8177FBC72B3DAD0700C97CDD /* FavoritesViewController.swift in Sources */,
				81F25C422B3B028B004EDFD3 /* GameDetailsViewController+State.swift in Sources */,
				81E280492B3449E400C22BA5 /* GamesViewController+State.swift in Sources */,
				81E2804C2B345C8100C22BA5 /* Typealias.swift in Sources */,
				8122445D2B358248005DB969 /* NetworkManager.swift in Sources */,
				81F25C3C2B3B012C004EDFD3 /* GameDetailsViewController.swift in Sources */,
				81FCE6792B3D715400E526CA /* CoreDataManager.swift in Sources */,
				812244562B35731F005DB969 /* ActivityIndicatorView.swift in Sources */,
				81F25C3E2B3B014C004EDFD3 /* GameDetailsViewModel.swift in Sources */,
				816C233C2B4D1577005B9144 /* PagenationTableViewAdaptor.swift in Sources */,
				8119A9AA2B31773F008B2412 /* SceneDelegate.swift in Sources */,
			);
			runOnlyForDeploymentPostprocessing = 0;
		};
/* End PBXSourcesBuildPhase section */

/* Begin PBXVariantGroup section */
		8119A9B22B31773F008B2412 /* LaunchScreen.storyboard */ = {
			isa = PBXVariantGroup;
			children = (
				8119A9B32B31773F008B2412 /* Base */,
			);
			name = LaunchScreen.storyboard;
			sourceTree = "<group>";
		};
/* End PBXVariantGroup section */

/* Begin XCBuildConfiguration section */
		8119A9B62B31773F008B2412 /* Debug */ = {
			isa = XCBuildConfiguration;
			buildSettings = {
				ALWAYS_SEARCH_USER_PATHS = NO;
				CLANG_ANALYZER_NONNULL = YES;
				CLANG_ANALYZER_NUMBER_OBJECT_CONVERSION = YES_AGGRESSIVE;
				CLANG_CXX_LANGUAGE_STANDARD = "gnu++20";
				CLANG_ENABLE_MODULES = YES;
				CLANG_ENABLE_OBJC_ARC = YES;
				CLANG_ENABLE_OBJC_WEAK = YES;
				CLANG_WARN_BLOCK_CAPTURE_AUTORELEASING = YES;
				CLANG_WARN_BOOL_CONVERSION = YES;
				CLANG_WARN_COMMA = YES;
				CLANG_WARN_CONSTANT_CONVERSION = YES;
				CLANG_WARN_DEPRECATED_OBJC_IMPLEMENTATIONS = YES;
				CLANG_WARN_DIRECT_OBJC_ISA_USAGE = YES_ERROR;
				CLANG_WARN_DOCUMENTATION_COMMENTS = YES;
				CLANG_WARN_EMPTY_BODY = YES;
				CLANG_WARN_ENUM_CONVERSION = YES;
				CLANG_WARN_INFINITE_RECURSION = YES;
				CLANG_WARN_INT_CONVERSION = YES;
				CLANG_WARN_NON_LITERAL_NULL_CONVERSION = YES;
				CLANG_WARN_OBJC_IMPLICIT_RETAIN_SELF = YES;
				CLANG_WARN_OBJC_LITERAL_CONVERSION = YES;
				CLANG_WARN_OBJC_ROOT_CLASS = YES_ERROR;
				CLANG_WARN_QUOTED_INCLUDE_IN_FRAMEWORK_HEADER = YES;
				CLANG_WARN_RANGE_LOOP_ANALYSIS = YES;
				CLANG_WARN_STRICT_PROTOTYPES = YES;
				CLANG_WARN_SUSPICIOUS_MOVE = YES;
				CLANG_WARN_UNGUARDED_AVAILABILITY = YES_AGGRESSIVE;
				CLANG_WARN_UNREACHABLE_CODE = YES;
				CLANG_WARN__DUPLICATE_METHOD_MATCH = YES;
				COPY_PHASE_STRIP = NO;
				DEBUG_INFORMATION_FORMAT = dwarf;
				ENABLE_STRICT_OBJC_MSGSEND = YES;
				ENABLE_TESTABILITY = YES;
				GCC_C_LANGUAGE_STANDARD = gnu11;
				GCC_DYNAMIC_NO_PIC = NO;
				GCC_NO_COMMON_BLOCKS = YES;
				GCC_OPTIMIZATION_LEVEL = 0;
				GCC_PREPROCESSOR_DEFINITIONS = (
					"DEBUG=1",
					"$(inherited)",
				);
				GCC_WARN_64_TO_32_BIT_CONVERSION = YES;
				GCC_WARN_ABOUT_RETURN_TYPE = YES_ERROR;
				GCC_WARN_UNDECLARED_SELECTOR = YES;
				GCC_WARN_UNINITIALIZED_AUTOS = YES_AGGRESSIVE;
				GCC_WARN_UNUSED_FUNCTION = YES;
				GCC_WARN_UNUSED_VARIABLE = YES;
				IPHONEOS_DEPLOYMENT_TARGET = 16.4;
				MTL_ENABLE_DEBUG_INFO = INCLUDE_SOURCE;
				MTL_FAST_MATH = YES;
				ONLY_ACTIVE_ARCH = YES;
				SDKROOT = iphoneos;
				SWIFT_ACTIVE_COMPILATION_CONDITIONS = DEBUG;
				SWIFT_OPTIMIZATION_LEVEL = "-Onone";
			};
			name = Debug;
		};
		8119A9B72B31773F008B2412 /* Release */ = {
			isa = XCBuildConfiguration;
			buildSettings = {
				ALWAYS_SEARCH_USER_PATHS = NO;
				CLANG_ANALYZER_NONNULL = YES;
				CLANG_ANALYZER_NUMBER_OBJECT_CONVERSION = YES_AGGRESSIVE;
				CLANG_CXX_LANGUAGE_STANDARD = "gnu++20";
				CLANG_ENABLE_MODULES = YES;
				CLANG_ENABLE_OBJC_ARC = YES;
				CLANG_ENABLE_OBJC_WEAK = YES;
				CLANG_WARN_BLOCK_CAPTURE_AUTORELEASING = YES;
				CLANG_WARN_BOOL_CONVERSION = YES;
				CLANG_WARN_COMMA = YES;
				CLANG_WARN_CONSTANT_CONVERSION = YES;
				CLANG_WARN_DEPRECATED_OBJC_IMPLEMENTATIONS = YES;
				CLANG_WARN_DIRECT_OBJC_ISA_USAGE = YES_ERROR;
				CLANG_WARN_DOCUMENTATION_COMMENTS = YES;
				CLANG_WARN_EMPTY_BODY = YES;
				CLANG_WARN_ENUM_CONVERSION = YES;
				CLANG_WARN_INFINITE_RECURSION = YES;
				CLANG_WARN_INT_CONVERSION = YES;
				CLANG_WARN_NON_LITERAL_NULL_CONVERSION = YES;
				CLANG_WARN_OBJC_IMPLICIT_RETAIN_SELF = YES;
				CLANG_WARN_OBJC_LITERAL_CONVERSION = YES;
				CLANG_WARN_OBJC_ROOT_CLASS = YES_ERROR;
				CLANG_WARN_QUOTED_INCLUDE_IN_FRAMEWORK_HEADER = YES;
				CLANG_WARN_RANGE_LOOP_ANALYSIS = YES;
				CLANG_WARN_STRICT_PROTOTYPES = YES;
				CLANG_WARN_SUSPICIOUS_MOVE = YES;
				CLANG_WARN_UNGUARDED_AVAILABILITY = YES_AGGRESSIVE;
				CLANG_WARN_UNREACHABLE_CODE = YES;
				CLANG_WARN__DUPLICATE_METHOD_MATCH = YES;
				COPY_PHASE_STRIP = NO;
				DEBUG_INFORMATION_FORMAT = "dwarf-with-dsym";
				ENABLE_NS_ASSERTIONS = NO;
				ENABLE_STRICT_OBJC_MSGSEND = YES;
				GCC_C_LANGUAGE_STANDARD = gnu11;
				GCC_NO_COMMON_BLOCKS = YES;
				GCC_WARN_64_TO_32_BIT_CONVERSION = YES;
				GCC_WARN_ABOUT_RETURN_TYPE = YES_ERROR;
				GCC_WARN_UNDECLARED_SELECTOR = YES;
				GCC_WARN_UNINITIALIZED_AUTOS = YES_AGGRESSIVE;
				GCC_WARN_UNUSED_FUNCTION = YES;
				GCC_WARN_UNUSED_VARIABLE = YES;
				IPHONEOS_DEPLOYMENT_TARGET = 16.4;
				MTL_ENABLE_DEBUG_INFO = NO;
				MTL_FAST_MATH = YES;
				SDKROOT = iphoneos;
				SWIFT_COMPILATION_MODE = wholemodule;
				SWIFT_OPTIMIZATION_LEVEL = "-O";
				VALIDATE_PRODUCT = YES;
			};
			name = Release;
		};
		8119A9B92B31773F008B2412 /* Debug */ = {
			isa = XCBuildConfiguration;
			baseConfigurationReference = 7C559CF34AF18855D92FAD0B /* Pods-Games.debug.xcconfig */;
			buildSettings = {
				ASSETCATALOG_COMPILER_APPICON_NAME = AppIcon;
				ASSETCATALOG_COMPILER_GLOBAL_ACCENT_COLOR_NAME = AccentColor;
				CODE_SIGN_STYLE = Automatic;
				CURRENT_PROJECT_VERSION = 1;
				DEVELOPMENT_TEAM = TN7YZNW93M;
				GENERATE_INFOPLIST_FILE = YES;
				INFOPLIST_FILE = Games/Resources/Info.plist;
				INFOPLIST_KEY_UIApplicationSupportsIndirectInputEvents = YES;
				INFOPLIST_KEY_UILaunchStoryboardName = LaunchScreen;
				INFOPLIST_KEY_UISupportedInterfaceOrientations_iPad = "UIInterfaceOrientationPortrait UIInterfaceOrientationPortraitUpsideDown UIInterfaceOrientationLandscapeLeft UIInterfaceOrientationLandscapeRight";
				INFOPLIST_KEY_UISupportedInterfaceOrientations_iPhone = "UIInterfaceOrientationPortrait UIInterfaceOrientationLandscapeLeft UIInterfaceOrientationLandscapeRight";
				LD_RUNPATH_SEARCH_PATHS = (
					"$(inherited)",
					"@executable_path/Frameworks",
				);
				MARKETING_VERSION = 1.0;
				PRODUCT_BUNDLE_IDENTIFIER = ferdidemirci.Games;
				PRODUCT_NAME = "$(TARGET_NAME)";
				SWIFT_EMIT_LOC_STRINGS = YES;
				SWIFT_VERSION = 5.0;
				TARGETED_DEVICE_FAMILY = "1,2";
			};
			name = Debug;
		};
		8119A9BA2B31773F008B2412 /* Release */ = {
			isa = XCBuildConfiguration;
			baseConfigurationReference = 4298100476993B2D24349018 /* Pods-Games.release.xcconfig */;
			buildSettings = {
				ASSETCATALOG_COMPILER_APPICON_NAME = AppIcon;
				ASSETCATALOG_COMPILER_GLOBAL_ACCENT_COLOR_NAME = AccentColor;
				CODE_SIGN_STYLE = Automatic;
				CURRENT_PROJECT_VERSION = 1;
				DEVELOPMENT_TEAM = TN7YZNW93M;
				GENERATE_INFOPLIST_FILE = YES;
				INFOPLIST_FILE = Games/Resources/Info.plist;
				INFOPLIST_KEY_UIApplicationSupportsIndirectInputEvents = YES;
				INFOPLIST_KEY_UILaunchStoryboardName = LaunchScreen;
				INFOPLIST_KEY_UISupportedInterfaceOrientations_iPad = "UIInterfaceOrientationPortrait UIInterfaceOrientationPortraitUpsideDown UIInterfaceOrientationLandscapeLeft UIInterfaceOrientationLandscapeRight";
				INFOPLIST_KEY_UISupportedInterfaceOrientations_iPhone = "UIInterfaceOrientationPortrait UIInterfaceOrientationLandscapeLeft UIInterfaceOrientationLandscapeRight";
				LD_RUNPATH_SEARCH_PATHS = (
					"$(inherited)",
					"@executable_path/Frameworks",
				);
				MARKETING_VERSION = 1.0;
				PRODUCT_BUNDLE_IDENTIFIER = ferdidemirci.Games;
				PRODUCT_NAME = "$(TARGET_NAME)";
				SWIFT_EMIT_LOC_STRINGS = YES;
				SWIFT_VERSION = 5.0;
				TARGETED_DEVICE_FAMILY = "1,2";
			};
			name = Release;
		};
/* End XCBuildConfiguration section */

/* Begin XCConfigurationList section */
		8119A99F2B31773F008B2412 /* Build configuration list for PBXProject "Games" */ = {
			isa = XCConfigurationList;
			buildConfigurations = (
				8119A9B62B31773F008B2412 /* Debug */,
				8119A9B72B31773F008B2412 /* Release */,
			);
			defaultConfigurationIsVisible = 0;
			defaultConfigurationName = Release;
		};
		8119A9B82B31773F008B2412 /* Build configuration list for PBXNativeTarget "Games" */ = {
			isa = XCConfigurationList;
			buildConfigurations = (
				8119A9B92B31773F008B2412 /* Debug */,
				8119A9BA2B31773F008B2412 /* Release */,
			);
			defaultConfigurationIsVisible = 0;
			defaultConfigurationName = Release;
		};
/* End XCConfigurationList section */

/* Begin XCVersionGroup section */
		81FCE6742B3D6FD300E526CA /* FavoriteGames.xcdatamodeld */ = {
			isa = XCVersionGroup;
			children = (
				81FCE6752B3D6FD300E526CA /* FavoriteGames.xcdatamodel */,
			);
			currentVersion = 81FCE6752B3D6FD300E526CA /* FavoriteGames.xcdatamodel */;
			path = FavoriteGames.xcdatamodeld;
			sourceTree = "<group>";
			versionGroupType = wrapper.xcdatamodel;
		};
/* End XCVersionGroup section */
	};
	rootObject = 8119A99C2B31773F008B2412 /* Project object */;
}
