PODS:
  - Alamofire (5.8.0)
  - Carbon (0.3.0):
    - DifferenceKit/Core (~> 1.1)
  - DifferenceKit/Core (1.3.0)
  - SDWebImage (5.18.3):
    - SDWebImage/Core (= 5.18.3)
  - SDWebImage/Core (5.18.3)
  - SnapKit (5.6.0)

DEPENDENCIES:
  - Alamofire
  - Carbon
  - SDWebImage (~> 5.0)
  - SnapKit (~> 5.6.0)

SPEC REPOS:
  trunk:
    - Alamofire
    - Carbon
    - DifferenceKit
    - SDWebImage
    - SnapKit

SPEC CHECKSUMS:
  Alamofire: 0e92e751b3e9e66d7982db43919d01f313b8eb91
  Carbon: 184148b60fddb7d069a9d35a02e12b20f44aa7a8
  DifferenceKit: ab185c4d7f9cef8af3fcf593e5b387fb81e999ca
  SDWebImage: 96e0c18ef14010b7485210e92fac888587ebb958
  SnapKit: e01d52ebb8ddbc333eefe2132acf85c8227d9c25

PODFILE CHECKSUM: 6540c056291013b9cefac3e5cd16df4add6c90a2

COCOAPODS: 1.13.0
